// !$*UTF8*$!
{
	archiveVersion = 1;
	classes = {
	};
	objectVersion = 46;
	objects = {

/* Begin PBXBuildFile section */
		12F2AB151F3B609800BD7FAC /* main.m in Sources */ = {isa = PBXBuildFile; fileRef = 12F2AB141F3B609800BD7FAC /* main.m */; };
		12F2AB181F3B609800BD7FAC /* AppDelegate.m in Sources */ = {isa = PBXBuildFile; fileRef = 12F2AB171F3B609800BD7FAC /* AppDelegate.m */; };
		12F2AB1B1F3B609800BD7FAC /* ViewController.m in Sources */ = {isa = PBXBuildFile; fileRef = 12F2AB1A1F3B609800BD7FAC /* ViewController.m */; };
		12F2AB1E1F3B609800BD7FAC /* Main.storyboard in Resources */ = {isa = PBXBuildFile; fileRef = 12F2AB1C1F3B609800BD7FAC /* Main.storyboard */; };
		12F2AB211F3B609800BD7FAC /* Runtime_Method_Swizzle.xcdatamodeld in Sources */ = {isa = PBXBuildFile; fileRef = 12F2AB1F1F3B609800BD7FAC /* Runtime_Method_Swizzle.xcdatamodeld */; };
		12F2AB231F3B609800BD7FAC /* Assets.xcassets in Resources */ = {isa = PBXBuildFile; fileRef = 12F2AB221F3B609800BD7FAC /* Assets.xcassets */; };
		12F2AB261F3B609800BD7FAC /* LaunchScreen.storyboard in Resources */ = {isa = PBXBuildFile; fileRef = 12F2AB241F3B609800BD7FAC /* LaunchScreen.storyboard */; };
		12F2AB311F3B609900BD7FAC /* Runtime_Method_SwizzleUITests.m in Sources */ = {isa = PBXBuildFile; fileRef = 12F2AB301F3B609900BD7FAC /* Runtime_Method_SwizzleUITests.m */; };
		12F2AB3F1F3B6C1700BD7FAC /* UIViewController+ZYCExtention.m in Sources */ = {isa = PBXBuildFile; fileRef = 12F2AB3E1F3B6C1700BD7FAC /* UIViewController+ZYCExtention.m */; };
/* End PBXBuildFile section */

/* Begin PBXContainerItemProxy section */
		12F2AB2D1F3B609900BD7FAC /* PBXContainerItemProxy */ = {
			isa = PBXContainerItemProxy;
			containerPortal = 12F2AB081F3B609800BD7FAC /* Project object */;
			proxyType = 1;
			remoteGlobalIDString = 12F2AB0F1F3B609800BD7FAC;
			remoteInfo = "Runtime-Method Swizzle";
		};
/* End PBXContainerItemProxy section */

/* Begin PBXFileReference section */
		12F2AB101F3B609800BD7FAC /* Runtime-Method Swizzle.app */ = {isa = PBXFileReference; explicitFileType = wrapper.application; includeInIndex = 0; path = "Runtime-Method Swizzle.app"; sourceTree = BUILT_PRODUCTS_DIR; };
		12F2AB141F3B609800BD7FAC /* main.m */ = {isa = PBXFileReference; lastKnownFileType = sourcecode.c.objc; path = main.m; sourceTree = "<group>"; };
		12F2AB161F3B609800BD7FAC /* AppDelegate.h */ = {isa = PBXFileReference; lastKnownFileType = sourcecode.c.h; path = AppDelegate.h; sourceTree = "<group>"; };
		12F2AB171F3B609800BD7FAC /* AppDelegate.m */ = {isa = PBXFileReference; lastKnownFileType = sourcecode.c.objc; path = AppDelegate.m; sourceTree = "<group>"; };
		12F2AB191F3B609800BD7FAC /* ViewController.h */ = {isa = PBXFileReference; lastKnownFileType = sourcecode.c.h; path = ViewController.h; sourceTree = "<group>"; };
		12F2AB1A1F3B609800BD7FAC /* ViewController.m */ = {isa = PBXFileReference; lastKnownFileType = sourcecode.c.objc; path = ViewController.m; sourceTree = "<group>"; };
		12F2AB1D1F3B609800BD7FAC /* Base */ = {isa = PBXFileReference; lastKnownFileType = file.storyboard; name = Base; path = Base.lproj/Main.storyboard; sourceTree = "<group>"; };
		12F2AB201F3B609800BD7FAC /* Runtime_Method_Swizzle.xcdatamodel */ = {isa = PBXFileReference; lastKnownFileType = wrapper.xcdatamodel; path = Runtime_Method_Swizzle.xcdatamodel; sourceTree = "<group>"; };
		12F2AB221F3B609800BD7FAC /* Assets.xcassets */ = {isa = PBXFileReference; lastKnownFileType = folder.assetcatalog; path = Assets.xcassets; sourceTree = "<group>"; };
		12F2AB251F3B609800BD7FAC /* Base */ = {isa = PBXFileReference; lastKnownFileType = file.storyboard; name = Base; path = Base.lproj/LaunchScreen.storyboard; sourceTree = "<group>"; };
		12F2AB271F3B609800BD7FAC /* Info.plist */ = {isa = PBXFileReference; lastKnownFileType = text.plist.xml; path = Info.plist; sourceTree = "<group>"; };
		12F2AB2C1F3B609900BD7FAC /* Runtime-Method SwizzleUITests.xctest */ = {isa = PBXFileReference; explicitFileType = wrapper.cfbundle; includeInIndex = 0; path = "Runtime-Method SwizzleUITests.xctest"; sourceTree = BUILT_PRODUCTS_DIR; };
		12F2AB301F3B609900BD7FAC /* Runtime_Method_SwizzleUITests.m */ = {isa = PBXFileReference; lastKnownFileType = sourcecode.c.objc; path = Runtime_Method_SwizzleUITests.m; sourceTree = "<group>"; };
		12F2AB321F3B609900BD7FAC /* Info.plist */ = {isa = PBXFileReference; lastKnownFileType = text.plist.xml; path = Info.plist; sourceTree = "<group>"; };
		12F2AB3E1F3B6C1700BD7FAC /* UIViewController+ZYCExtention.m */ = {isa = PBXFileReference; fileEncoding = 4; lastKnownFileType = sourcecode.c.objc; path = "UIViewController+ZYCExtention.m"; sourceTree = "<group>"; };
/* End PBXFileReference section */

/* Begin PBXFrameworksBuildPhase section */
		12F2AB0D1F3B609800BD7FAC /* Frameworks */ = {
			isa = PBXFrameworksBuildPhase;
			buildActionMask = 2147483647;
			files = (
			);
			runOnlyForDeploymentPostprocessing = 0;
		};
		12F2AB291F3B609900BD7FAC /* Frameworks */ = {
			isa = PBXFrameworksBuildPhase;
			buildActionMask = 2147483647;
			files = (
			);
			runOnlyForDeploymentPostprocessing = 0;
		};
/* End PBXFrameworksBuildPhase section */

/* Begin PBXGroup section */
		12F2AB071F3B609800BD7FAC = {
			isa = PBXGroup;
			children = (
				12F2AB121F3B609800BD7FAC /* Runtime-Method Swizzle */,
				12F2AB2F1F3B609900BD7FAC /* Runtime-Method SwizzleUITests */,
				12F2AB111F3B609800BD7FAC /* Products */,
			);
			sourceTree = "<group>";
		};
		12F2AB111F3B609800BD7FAC /* Products */ = {
			isa = PBXGroup;
			children = (
				12F2AB101F3B609800BD7FAC /* Runtime-Method Swizzle.app */,
				12F2AB2C1F3B609900BD7FAC /* Runtime-Method SwizzleUITests.xctest */,
			);
			name = Products;
			sourceTree = "<group>";
		};
		12F2AB121F3B609800BD7FAC /* Runtime-Method Swizzle */ = {
			isa = PBXGroup;
			children = (
				12F2AB3E1F3B6C1700BD7FAC /* UIViewController+ZYCExtention.m */,
				12F2AB161F3B609800BD7FAC /* AppDelegate.h */,
				12F2AB171F3B609800BD7FAC /* AppDelegate.m */,
				12F2AB191F3B609800BD7FAC /* ViewController.h */,
				12F2AB1A1F3B609800BD7FAC /* ViewController.m */,
				12F2AB1C1F3B609800BD7FAC /* Main.storyboard */,
				12F2AB221F3B609800BD7FAC /* Assets.xcassets */,
				12F2AB241F3B609800BD7FAC /* LaunchScreen.storyboard */,
				12F2AB271F3B609800BD7FAC /* Info.plist */,
				12F2AB1F1F3B609800BD7FAC /* Runtime_Method_Swizzle.xcdatamodeld */,
				12F2AB131F3B609800BD7FAC /* Supporting Files */,
			);
			path = "Runtime-Method Swizzle";
			sourceTree = "<group>";
		};
		12F2AB131F3B609800BD7FAC /* Supporting Files */ = {
			isa = PBXGroup;
			children = (
				12F2AB141F3B609800BD7FAC /* main.m */,
			);
			name = "Supporting Files";
			sourceTree = "<group>";
		};
		12F2AB2F1F3B609900BD7FAC /* Runtime-Method SwizzleUITests */ = {
			isa = PBXGroup;
			children = (
				12F2AB301F3B609900BD7FAC /* Runtime_Method_SwizzleUITests.m */,
				12F2AB321F3B609900BD7FAC /* Info.plist */,
			);
			path = "Runtime-Method SwizzleUITests";
			sourceTree = "<group>";
		};
/* End PBXGroup section */

/* Begin PBXNativeTarget section */
		12F2AB0F1F3B609800BD7FAC /* Runtime-Method Swizzle */ = {
			isa = PBXNativeTarget;
			buildConfigurationList = 12F2AB351F3B609900BD7FAC /* Build configuration list for PBXNativeTarget "Runtime-Method Swizzle" */;
			buildPhases = (
				12F2AB0C1F3B609800BD7FAC /* Sources */,
				12F2AB0D1F3B609800BD7FAC /* Frameworks */,
				12F2AB0E1F3B609800BD7FAC /* Resources */,
			);
			buildRules = (
			);
			dependencies = (
			);
			name = "Runtime-Method Swizzle";
			productName = "Runtime-Method Swizzle";
			productReference = 12F2AB101F3B609800BD7FAC /* Runtime-Method Swizzle.app */;
			productType = "com.apple.product-type.application";
		};
		12F2AB2B1F3B609900BD7FAC /* Runtime-Method SwizzleUITests */ = {
			isa = PBXNativeTarget;
			buildConfigurationList = 12F2AB381F3B609900BD7FAC /* Build configuration list for PBXNativeTarget "Runtime-Method SwizzleUITests" */;
			buildPhases = (
				12F2AB281F3B609900BD7FAC /* Sources */,
				12F2AB291F3B609900BD7FAC /* Frameworks */,
				12F2AB2A1F3B609900BD7FAC /* Resources */,
			);
			buildRules = (
			);
			dependencies = (
				12F2AB2E1F3B609900BD7FAC /* PBXTargetDependency */,
			);
			name = "Runtime-Method SwizzleUITests";
			productName = "Runtime-Method SwizzleUITests";
			productReference = 12F2AB2C1F3B609900BD7FAC /* Runtime-Method SwizzleUITests.xctest */;
			productType = "com.apple.product-type.bundle.ui-testing";
		};
/* End PBXNativeTarget section */

/* Begin PBXProject section */
		12F2AB081F3B609800BD7FAC /* Project object */ = {
			isa = PBXProject;
			attributes = {
				LastUpgradeCheck = 0830;
				ORGANIZATIONNAME = wpzyc;
				TargetAttributes = {
					12F2AB0F1F3B609800BD7FAC = {
						CreatedOnToolsVersion = 8.3.1;
						ProvisioningStyle = Automatic;
					};
					12F2AB2B1F3B609900BD7FAC = {
						CreatedOnToolsVersion = 8.3.1;
						ProvisioningStyle = Automatic;
						TestTargetID = 12F2AB0F1F3B609800BD7FAC;
					};
				};
			};
			buildConfigurationList = 12F2AB0B1F3B609800BD7FAC /* Build configuration list for PBXProject "Runtime-Method Swizzle" */;
			compatibilityVersion = "Xcode 3.2";
			developmentRegion = English;
			hasScannedForEncodings = 0;
			knownRegions = (
				en,
				Base,
			);
			mainGroup = 12F2AB071F3B609800BD7FAC;
			productRefGroup = 12F2AB111F3B609800BD7FAC /* Products */;
			projectDirPath = "";
			projectRoot = "";
			targets = (
				12F2AB0F1F3B609800BD7FAC /* Runtime-Method Swizzle */,
				12F2AB2B1F3B609900BD7FAC /* Runtime-Method SwizzleUITests */,
			);
		};
/* End PBXProject section */

/* Begin PBXResourcesBuildPhase section */
		12F2AB0E1F3B609800BD7FAC /* Resources */ = {
			isa = PBXResourcesBuildPhase;
			buildActionMask = 2147483647;
			files = (
				12F2AB261F3B609800BD7FAC /* LaunchScreen.storyboard in Resources */,
				12F2AB231F3B609800BD7FAC /* Assets.xcassets in Resources */,
				12F2AB1E1F3B609800BD7FAC /* Main.storyboard in Resources */,
			);
			runOnlyForDeploymentPostprocessing = 0;
		};
		12F2AB2A1F3B609900BD7FAC /* Resources */ = {
			isa = PBXResourcesBuildPhase;
			buildActionMask = 2147483647;
			files = (
			);
			runOnlyForDeploymentPostprocessing = 0;
		};
/* End PBXResourcesBuildPhase section */

/* Begin PBXSourcesBuildPhase section */
		12F2AB0C1F3B609800BD7FAC /* Sources */ = {
			isa = PBXSourcesBuildPhase;
			buildActionMask = 2147483647;
			files = (
				12F2AB1B1F3B609800BD7FAC /* ViewController.m in Sources */,
				12F2AB181F3B609800BD7FAC /* AppDelegate.m in Sources */,
				12F2AB3F1F3B6C1700BD7FAC /* UIViewController+ZYCExtention.m in Sources */,
				12F2AB211F3B609800BD7FAC /* Runtime_Method_Swizzle.xcdatamodeld in Sources */,
				12F2AB151F3B609800BD7FAC /* main.m in Sources */,
			);
			runOnlyForDeploymentPostprocessing = 0;
		};
		12F2AB281F3B609900BD7FAC /* Sources */ = {
			isa = PBXSourcesBuildPhase;
			buildActionMask = 2147483647;
			files = (
				12F2AB311F3B609900BD7FAC /* Runtime_Method_SwizzleUITests.m in Sources */,
			);
			runOnlyForDeploymentPostprocessing = 0;
		};
/* End PBXSourcesBuildPhase section */

/* Begin PBXTargetDependency section */
		12F2AB2E1F3B609900BD7FAC /* PBXTargetDependency */ = {
			isa = PBXTargetDependency;
			target = 12F2AB0F1F3B609800BD7FAC /* Runtime-Method Swizzle */;
			targetProxy = 12F2AB2D1F3B609900BD7FAC /* PBXContainerItemProxy */;
		};
/* End PBXTargetDependency section */

/* Begin PBXVariantGroup section */
		12F2AB1C1F3B609800BD7FAC /* Main.storyboard */ = {
			isa = PBXVariantGroup;
			children = (
				12F2AB1D1F3B609800BD7FAC /* Base */,
			);
			name = Main.storyboard;
			sourceTree = "<group>";
		};
		12F2AB241F3B609800BD7FAC /* LaunchScreen.storyboard */ = {
			isa = PBXVariantGroup;
			children = (
				12F2AB251F3B609800BD7FAC /* Base */,
			);
			name = LaunchScreen.storyboard;
			sourceTree = "<group>";
		};
/* End PBXVariantGroup section */

/* Begin XCBuildConfiguration section */
		12F2AB331F3B609900BD7FAC /* Debug */ = {
			isa = XCBuildConfiguration;
			buildSettings = {
				ALWAYS_SEARCH_USER_PATHS = NO;
				CLANG_ANALYZER_NONNULL = YES;
				CLANG_ANALYZER_NUMBER_OBJECT_CONVERSION = YES_AGGRESSIVE;
				CLANG_CXX_LANGUAGE_STANDARD = "gnu++0x";
				CLANG_CXX_LIBRARY = "libc++";
				CLANG_ENABLE_MODULES = YES;
				CLANG_ENABLE_OBJC_ARC = YES;
				CLANG_WARN_BOOL_CONVERSION = YES;
				CLANG_WARN_CONSTANT_CONVERSION = YES;
				CLANG_WARN_DIRECT_OBJC_ISA_USAGE = YES_ERROR;
				CLANG_WARN_DOCUMENTATION_COMMENTS = YES;
				CLANG_WARN_EMPTY_BODY = YES;
				CLANG_WARN_ENUM_CONVERSION = YES;
				CLANG_WARN_INFINITE_RECURSION = YES;
				CLANG_WARN_INT_CONVERSION = YES;
				CLANG_WARN_OBJC_ROOT_CLASS = YES_ERROR;
				CLANG_WARN_SUSPICIOUS_MOVE = YES;
				CLANG_WARN_UNREACHABLE_CODE = YES;
				CLANG_WARN__DUPLICATE_METHOD_MATCH = YES;
				"CODE_SIGN_IDENTITY[sdk=iphoneos*]" = "iPhone Developer";
				COPY_PHASE_STRIP = NO;
				DEBUG_INFORMATION_FORMAT = dwarf;
				ENABLE_STRICT_OBJC_MSGSEND = YES;
				ENABLE_TESTABILITY = YES;
				GCC_C_LANGUAGE_STANDARD = gnu99;
				GCC_DYNAMIC_NO_PIC = NO;
				GCC_NO_COMMON_BLOCKS = YES;
				GCC_OPTIMIZATION_LEVEL = 0;
				GCC_PREPROCESSOR_DEFINITIONS = (
					"DEBUG=1",
					"$(inherited)",
				);
				GCC_WARN_64_TO_32_BIT_CONVERSION = YES;
				GCC_WARN_ABOUT_RETURN_TYPE = YES_ERROR;
				GCC_WARN_UNDECLARED_SELECTOR = YES;
				GCC_WARN_UNINITIALIZED_AUTOS = YES_AGGRESSIVE;
				GCC_WARN_UNUSED_FUNCTION = YES;
				GCC_WARN_UNUSED_VARIABLE = YES;
				IPHONEOS_DEPLOYMENT_TARGET = 10.3;
				MTL_ENABLE_DEBUG_INFO = YES;
				ONLY_ACTIVE_ARCH = YES;
				SDKROOT = iphoneos;
			};
			name = Debug;
		};
		12F2AB341F3B609900BD7FAC /* Release */ = {
			isa = XCBuildConfiguration;
			buildSettings = {
				ALWAYS_SEARCH_USER_PATHS = NO;
				CLANG_ANALYZER_NONNULL = YES;
				CLANG_ANALYZER_NUMBER_OBJECT_CONVERSION = YES_AGGRESSIVE;
				CLANG_CXX_LANGUAGE_STANDARD = "gnu++0x";
				CLANG_CXX_LIBRARY = "libc++";
				CLANG_ENABLE_MODULES = YES;
				CLANG_ENABLE_OBJC_ARC = YES;
				CLANG_WARN_BOOL_CONVERSION = YES;
				CLANG_WARN_CONSTANT_CONVERSION = YES;
				CLANG_WARN_DIRECT_OBJC_ISA_USAGE = YES_ERROR;
				CLANG_WARN_DOCUMENTATION_COMMENTS = YES;
				CLANG_WARN_EMPTY_BODY = YES;
				CLANG_WARN_ENUM_CONVERSION = YES;
				CLANG_WARN_INFINITE_RECURSION = YES;
				CLANG_WARN_INT_CONVERSION = YES;
				CLANG_WARN_OBJC_ROOT_CLASS = YES_ERROR;
				CLANG_WARN_SUSPICIOUS_MOVE = YES;
				CLANG_WARN_UNREACHABLE_CODE = YES;
				CLANG_WARN__DUPLICATE_METHOD_MATCH = YES;
				"CODE_SIGN_IDENTITY[sdk=iphoneos*]" = "iPhone Developer";
				COPY_PHASE_STRIP = NO;
				DEBUG_INFORMATION_FORMAT = "dwarf-with-dsym";
				ENABLE_NS_ASSERTIONS = NO;
				ENABLE_STRICT_OBJC_MSGSEND = YES;
				GCC_C_LANGUAGE_STANDARD = gnu99;
				GCC_NO_COMMON_BLOCKS = YES;
				GCC_WARN_64_TO_32_BIT_CONVERSION = YES;
				GCC_WARN_ABOUT_RETURN_TYPE = YES_ERROR;
				GCC_WARN_UNDECLARED_SELECTOR = YES;
				GCC_WARN_UNINITIALIZED_AUTOS = YES_AGGRESSIVE;
				GCC_WARN_UNUSED_FUNCTION = YES;
				GCC_WARN_UNUSED_VARIABLE = YES;
				IPHONEOS_DEPLOYMENT_TARGET = 10.3;
				MTL_ENABLE_DEBUG_INFO = NO;
				SDKROOT = iphoneos;
				VALIDATE_PRODUCT = YES;
			};
			name = Release;
		};
		12F2AB361F3B609900BD7FAC /* Debug */ = {
			isa = XCBuildConfiguration;
			buildSettings = {
				ASSETCATALOG_COMPILER_APPICON_NAME = AppIcon;
				INFOPLIST_FILE = "Runtime-Method Swizzle/Info.plist";
				LD_RUNPATH_SEARCH_PATHS = "$(inherited) @executable_path/Frameworks";
				PRODUCT_BUNDLE_IDENTIFIER = "com.wpzyc.Runtime-Method-Swizzle";
				PRODUCT_NAME = "$(TARGET_NAME)";
			};
			name = Debug;
		};
		12F2AB371F3B609900BD7FAC /* Release */ = {
			isa = XCBuildConfiguration;
			buildSettings = {
				ASSETCATALOG_COMPILER_APPICON_NAME = AppIcon;
				INFOPLIST_FILE = "Runtime-Method Swizzle/Info.plist";
				LD_RUNPATH_SEARCH_PATHS = "$(inherited) @executable_path/Frameworks";
				PRODUCT_BUNDLE_IDENTIFIER = "com.wpzyc.Runtime-Method-Swizzle";
				PRODUCT_NAME = "$(TARGET_NAME)";
			};
			name = Release;
		};
		12F2AB391F3B609900BD7FAC /* Debug */ = {
			isa = XCBuildConfiguration;
			buildSettings = {
				INFOPLIST_FILE = "Runtime-Method SwizzleUITests/Info.plist";
				LD_RUNPATH_SEARCH_PATHS = "$(inherited) @executable_path/Frameworks @loader_path/Frameworks";
				PRODUCT_BUNDLE_IDENTIFIER = "com.wpzyc.Runtime-Method-SwizzleUITests";
				PRODUCT_NAME = "$(TARGET_NAME)";
				TEST_TARGET_NAME = "Runtime-Method Swizzle";
			};
			name = Debug;
		};
		12F2AB3A1F3B609900BD7FAC /* Release */ = {
			isa = XCBuildConfiguration;
			buildSettings = {
				INFOPLIST_FILE = "Runtime-Method SwizzleUITests/Info.plist";
				LD_RUNPATH_SEARCH_PATHS = "$(inherited) @executable_path/Frameworks @loader_path/Frameworks";
				PRODUCT_BUNDLE_IDENTIFIER = "com.wpzyc.Runtime-Method-SwizzleUITests";
				PRODUCT_NAME = "$(TARGET_NAME)";
				TEST_TARGET_NAME = "Runtime-Method Swizzle";
			};
			name = Release;
		};
/* End XCBuildConfiguration section */

/* Begin XCConfigurationList section */
		12F2AB0B1F3B609800BD7FAC /* Build configuration list for PBXProject "Runtime-Method Swizzle" */ = {
			isa = XCConfigurationList;
			buildConfigurations = (
				12F2AB331F3B609900BD7FAC /* Debug */,
				12F2AB341F3B609900BD7FAC /* Release */,
			);
			defaultConfigurationIsVisible = 0;
			defaultConfigurationName = Release;
		};
		12F2AB351F3B609900BD7FAC /* Build configuration list for PBXNativeTarget "Runtime-Method Swizzle" */ = {
			isa = XCConfigurationList;
			buildConfigurations = (
				12F2AB361F3B609900BD7FAC /* Debug */,
				12F2AB371F3B609900BD7FAC /* Release */,
			);
			defaultConfigurationIsVisible = 0;
			defaultConfigurationName = Release;
		};
		12F2AB381F3B609900BD7FAC /* Build configuration list for PBXNativeTarget "Runtime-Method SwizzleUITests" */ = {
			isa = XCConfigurationList;
			buildConfigurations = (
				12F2AB391F3B609900BD7FAC /* Debug */,
				12F2AB3A1F3B609900BD7FAC /* Release */,
			);
			defaultConfigurationIsVisible = 0;
			defaultConfigurationName = Release;
		};
/* End XCConfigurationList section */

/* Begin XCVersionGroup section */
		12F2AB1F1F3B609800BD7FAC /* Runtime_Method_Swizzle.xcdatamodeld */ = {
			isa = XCVersionGroup;
			children = (
				12F2AB201F3B609800BD7FAC /* Runtime_Method_Swizzle.xcdatamodel */,
			);
			currentVersion = 12F2AB201F3B609800BD7FAC /* Runtime_Method_Swizzle.xcdatamodel */;
			path = Runtime_Method_Swizzle.xcdatamodeld;
			sourceTree = "<group>";
			versionGroupType = wrapper.xcdatamodel;
		};
/* End XCVersionGroup section */
	};
	rootObject = 12F2AB081F3B609800BD7FAC /* Project object */;
}
